
Microsoft Visual Studio Solution File, Format Version 12.00
# Visual Studio Version 17
VisualStudioVersion = 17.14.36623.8
MinimumVisualStudioVersion = 10.0.40219.1
Project("{8BC9CEB8-8B4A-11D0-8D11-00A0C91BC942}") = "Lab1a", "Lab1a\Lab1a.vcxproj", "{B52C9E18-E6A5-4DD2-8A6B-3833CE64AA98}"
EndProject
Project("{8BC9CEB8-8B4A-11D0-8D11-00A0C91BC942}") = "Lab1b", "Lab1b\Lab1b.vcxproj", "{9F7C7229-F978-463E-8358-518B41739E42}"
EndProject
Project("{8BC9CEB8-8B4A-11D0-8D11-00A0C91BC942}") = "Lab1c", "Lab1c\Lab1c.vcxproj", "{1A2E61BE-49BC-4157-9F76-E5D546CD4E75}"
EndProject
Project("{8BC9CEB8-8B4A-11D0-8D11-00A0C91BC942}") = "Lab2a", "Lab2a\Lab2a.vcxproj", "{37706BC9-5734-4F2C-996C-87F5483BFBD2}"
EndProject
Global
	GlobalSection(SolutionConfigurationPlatforms) = preSolution
		Debug|ARM64 = Debug|ARM64
		Debug|x64 = Debug|x64
		Debug|x86 = Debug|x86
		Release|ARM64 = Release|ARM64
		Release|x64 = Release|x64
		Release|x86 = Release|x86
	EndGlobalSection
	GlobalSection(ProjectConfigurationPlatforms) = postSolution
		{B52C9E18-E6A5-4DD2-8A6B-3833CE64AA98}.Debug|ARM64.ActiveCfg = Debug|ARM64
		{B52C9E18-E6A5-4DD2-8A6B-3833CE64AA98}.Debug|ARM64.Build.0 = Debug|ARM64
		{B52C9E18-E6A5-4DD2-8A6B-3833CE64AA98}.Debug|x64.ActiveCfg = Debug|x64
		{B52C9E18-E6A5-4DD2-8A6B-3833CE64AA98}.Debug|x64.Build.0 = Debug|x64
		{B52C9E18-E6A5-4DD2-8A6B-3833CE64AA98}.Debug|x86.ActiveCfg = Debug|Win32
		{B52C9E18-E6A5-4DD2-8A6B-3833CE64AA98}.Debug|x86.Build.0 = Debug|Win32
		{B52C9E18-E6A5-4DD2-8A6B-3833CE64AA98}.Release|ARM64.ActiveCfg = Release|ARM64
		{B52C9E18-E6A5-4DD2-8A6B-3833CE64AA98}.Release|ARM64.Build.0 = Release|ARM64
		{B52C9E18-E6A5-4DD2-8A6B-3833CE64AA98}.Release|x64.ActiveCfg = Release|x64
		{B52C9E18-E6A5-4DD2-8A6B-3833CE64AA98}.Release|x64.Build.0 = Release|x64
		{B52C9E18-E6A5-4DD2-8A6B-3833CE64AA98}.Release|x86.ActiveCfg = Release|Win32
		{B52C9E18-E6A5-4DD2-8A6B-3833CE64AA98}.Release|x86.Build.0 = Release|Win32
		{9F7C7229-F978-463E-8358-518B41739E42}.Debug|ARM64.ActiveCfg = Debug|ARM64
		{9F7C7229-F978-463E-8358-518B41739E42}.Debug|ARM64.Build.0 = Debug|ARM64
		{9F7C7229-F978-463E-8358-518B41739E42}.Debug|x64.ActiveCfg = Debug|x64
		{9F7C7229-F978-463E-8358-518B41739E42}.Debug|x64.Build.0 = Debug|x64
		{9F7C7229-F978-463E-8358-518B41739E42}.Debug|x86.ActiveCfg = Debug|Win32
		{9F7C7229-F978-463E-8358-518B41739E42}.Debug|x86.Build.0 = Debug|Win32
		{9F7C7229-F978-463E-8358-518B41739E42}.Release|ARM64.ActiveCfg = Release|ARM64
		{9F7C7229-F978-463E-8358-518B41739E42}.Release|ARM64.Build.0 = Release|ARM64
		{9F7C7229-F978-463E-8358-518B41739E42}.Release|x64.ActiveCfg = Release|x64
		{9F7C7229-F978-463E-8358-518B41739E42}.Release|x64.Build.0 = Release|x64
		{9F7C7229-F978-463E-8358-518B41739E42}.Release|x86.ActiveCfg = Release|Win32
		{9F7C7229-F978-463E-8358-518B41739E42}.Release|x86.Build.0 = Release|Win32
		{1A2E61BE-49BC-4157-9F76-E5D546CD4E75}.Debug|ARM64.ActiveCfg = Debug|ARM64
		{1A2E61BE-49BC-4157-9F76-E5D546CD4E75}.Debug|ARM64.Build.0 = Debug|ARM64
		{1A2E61BE-49BC-4157-9F76-E5D546CD4E75}.Debug|x64.ActiveCfg = Debug|x64
		{1A2E61BE-49BC-4157-9F76-E5D546CD4E75}.Debug|x64.Build.0 = Debug|x64
		{1A2E61BE-49BC-4157-9F76-E5D546CD4E75}.Debug|x86.ActiveCfg = Debug|Win32
		{1A2E61BE-49BC-4157-9F76-E5D546CD4E75}.Debug|x86.Build.0 = Debug|Win32
		{1A2E61BE-49BC-4157-9F76-E5D546CD4E75}.Release|ARM64.ActiveCfg = Release|ARM64
		{1A2E61BE-49BC-4157-9F76-E5D546CD4E75}.Release|ARM64.Build.0 = Release|ARM64
		{1A2E61BE-49BC-4157-9F76-E5D546CD4E75}.Release|x64.ActiveCfg = Release|x64
		{1A2E61BE-49BC-4157-9F76-E5D546CD4E75}.Release|x64.Build.0 = Release|x64
		{1A2E61BE-49BC-4157-9F76-E5D546CD4E75}.Release|x86.ActiveCfg = Release|Win32
		{1A2E61BE-49BC-4157-9F76-E5D546CD4E75}.Release|x86.Build.0 = Release|Win32
		{37706BC9-5734-4F2C-996C-87F5483BFBD2}.Debug|ARM64.ActiveCfg = Debug|ARM64
		{37706BC9-5734-4F2C-996C-87F5483BFBD2}.Debug|ARM64.Build.0 = Debug|ARM64
		{37706BC9-5734-4F2C-996C-87F5483BFBD2}.Debug|x64.ActiveCfg = Debug|x64
		{37706BC9-5734-4F2C-996C-87F5483BFBD2}.Debug|x64.Build.0 = Debug|x64
		{37706BC9-5734-4F2C-996C-87F5483BFBD2}.Debug|x86.ActiveCfg = Debug|Win32
		{37706BC9-5734-4F2C-996C-87F5483BFBD2}.Debug|x86.Build.0 = Debug|Win32
		{37706BC9-5734-4F2C-996C-87F5483BFBD2}.Release|ARM64.ActiveCfg = Release|ARM64
		{37706BC9-5734-4F2C-996C-87F5483BFBD2}.Release|ARM64.Build.0 = Release|ARM64
		{37706BC9-5734-4F2C-996C-87F5483BFBD2}.Release|x64.ActiveCfg = Release|x64
		{37706BC9-5734-4F2C-996C-87F5483BFBD2}.Release|x64.Build.0 = Release|x64
		{37706BC9-5734-4F2C-996C-87F5483BFBD2}.Release|x86.ActiveCfg = Release|Win32
		{37706BC9-5734-4F2C-996C-87F5483BFBD2}.Release|x86.Build.0 = Release|Win32
	EndGlobalSection
	GlobalSection(SolutionProperties) = preSolution
		HideSolutionNode = FALSE
	EndGlobalSection
	GlobalSection(ExtensibilityGlobals) = postSolution
		SolutionGuid = {188437D5-44EB-4DE8-B7C0-6E8C924B33BB}
	EndGlobalSection
EndGlobal
